# This file is automatically @generated by Cargo.
# It is not intended for manual editing.
[[package]]
name = "downcast-rs"
version = "1.2.0"
source = "registry+https://github.com/rust-lang/crates.io-index"
checksum = "9ea835d29036a4087793836fa931b08837ad5e957da9e23886b29586fb9b6650"

[[package]]
name = "erased-serde"
version = "0.3.12"
source = "registry+https://github.com/rust-lang/crates.io-index"
checksum = "6ca8b296792113e1500fd935ae487be6e00ce318952a6880555554824d6ebf38"
dependencies = [
 "serde",
]

[[package]]
name = "fixed_decimal"
version = "0.1.0"
source = "registry+https://github.com/rust-lang/crates.io-index"
checksum = "b9ab0e4c3e03a601846ccf2057862929b4319979bc37dc584b8f89c308f45a44"
dependencies = [
 "smallvec",
 "static_assertions",
]

[[package]]
name = "icu"
version = "0.1.0"
source = "registry+https://github.com/rust-lang/crates.io-index"
checksum = "ca42a7d0c699db17eb05c5c58c5cb7c80b95450a36eb2e60746e4d0a0e7d1fc6"
dependencies = [
 "icu_datetime",
 "icu_locid",
 "icu_locid_macros",
 "icu_plurals",
 "icu_uniset",
]

[[package]]
name = "icu_datetime"
version = "0.1.0"
source = "registry+https://github.com/rust-lang/crates.io-index"
checksum = "6598511b0ec30f4a3cff36e0df6076945425ed4ff18de1baabebb2d580ed43c1"
dependencies = [
 "icu_locid",
 "icu_provider",
]

[[package]]
name = "icu_locid"
version = "0.1.0"
source = "registry+https://github.com/rust-lang/crates.io-index"
checksum = "be59758369e800d7d98e86d5892031b5c5f7fafe0fe811aee52a93c2a12165ba"
dependencies = [
 "serde",
 "tinystr",
]

[[package]]
name = "icu_locid_macros"
version = "0.1.0"
source = "registry+https://github.com/rust-lang/crates.io-index"
checksum = "31d2d110d1c1665ff2133acc56a1f6ac1555d0b34785483b7eaea4219c0aa9ee"
dependencies = [
 "icu_locid",
 "proc-macro-crate",
 "tinystr",
]

[[package]]
name = "icu_plurals"
version = "0.1.0"
source = "registry+https://github.com/rust-lang/crates.io-index"
checksum = "67a4dfa5f0d46793ba26fee7fe54948b126edd156298f2a0db574b0997ad9bb4"
dependencies = [
 "fixed_decimal",
 "icu_locid",
 "icu_provider",
]

[[package]]
name = "icu_provider"
version = "0.1.0"
source = "registry+https://github.com/rust-lang/crates.io-index"
checksum = "ffff83fb04928baf8111e10e710b690eb3fb3b926a16501cd70ddba0698af426"
dependencies = [
 "downcast-rs",
 "erased-serde",
 "icu_locid",
 "serde",
 "smallstr",
 "tinystr",
]

[[package]]
name = "icu_provider_fs"
version = "0.1.0"
source = "registry+https://github.com/rust-lang/crates.io-index"
checksum = "5fc5f8ffd4a72e2b8efc8fd7dc2c7d190ff338512d470b174f02c9fa08953f8c"
dependencies = [
 "icu_locid",
 "icu_provider",
 "serde",
 "serde_json",
]

[[package]]
name = "icu_uniset"
version = "0.1.0"
source = "registry+https://github.com/rust-lang/crates.io-index"
checksum = "31e1a272f6dff44d393c6d22e4b952c30550c1f1a0b2950319df1c5de14088fb"

[[package]]
name = "itoa"
version = "0.4.6"
source = "registry+https://github.com/rust-lang/crates.io-index"
checksum = "dc6f3ad7b9d11a0c00842ff8de1b60ee58661048eb8049ed33c73594f359d7e6"

[[package]]
name = "libc"
version = "0.2.21"
source = "registry+https://github.com/rust-lang/crates.io-index"
checksum = "88ee81885f9f04bff991e306fea7c1c60a5f0f9e409e99f6b40e3311a3363135"

[[package]]
name = "proc-macro-crate"
version = "0.1.5"
source = "registry+https://github.com/rust-lang/crates.io-index"
checksum = "1d6ea3c4595b96363c13943497db34af4460fb474a95c43f4446ad341b8c9785"
dependencies = [
 "toml",
]

[[package]]
name = "proc-macro2"
version = "1.0.24"
source = "registry+https://github.com/rust-lang/crates.io-index"
checksum = "1e0704ee1a7e00d7bb417d0770ea303c1bccbabf0ef1667dae92b5967f5f8a71"
dependencies = [
 "unicode-xid",
]

[[package]]
name = "quote"
version = "1.0.7"
source = "registry+https://github.com/rust-lang/crates.io-index"
checksum = "aa563d17ecb180e500da1cfd2b028310ac758de548efdd203e18f283af693f37"
dependencies = [
 "proc-macro2",
]

[[package]]
name = "rand"
version = "0.3.15"
source = "registry+https://github.com/rust-lang/crates.io-index"
checksum = "022e0636ec2519ddae48154b028864bdce4eaf7d35226ab8e65c611be97b189d"
dependencies = [
 "libc",
]

[[package]]
name = "ryu"
version = "1.0.5"
source = "registry+https://github.com/rust-lang/crates.io-index"
checksum = "71d301d4193d031abdd79ff7e3dd721168a9572ef3fe51a1517aba235bd8f86e"

[[package]]
name = "serde"
version = "1.0.118"
source = "registry+https://github.com/rust-lang/crates.io-index"
checksum = "06c64263859d87aa2eb554587e2d23183398d617427327cf2b3d0ed8c69e4800"
dependencies = [
 "serde_derive",
]

[[package]]
name = "serde_derive"
version = "1.0.118"
source = "registry+https://github.com/rust-lang/crates.io-index"
checksum = "c84d3526699cd55261af4b941e4e725444df67aa4f9e6a3564f18030d12672df"
dependencies = [
 "proc-macro2",
 "quote",
 "syn",
]

[[package]]
name = "serde_json"
version = "1.0.60"
source = "registry+https://github.com/rust-lang/crates.io-index"
checksum = "1500e84d27fe482ed1dc791a56eddc2f230046a040fa908c08bda1d9fb615779"
dependencies = [
 "itoa",
 "ryu",
 "serde",
]

[[package]]
name = "smallstr"
version = "0.2.0"
source = "registry+https://github.com/rust-lang/crates.io-index"
checksum = "1e922794d168678729ffc7e07182721a14219c65814e66e91b839a272fe5ae4f"
dependencies = [
 "serde",
 "smallvec",
]

[[package]]
name = "smallvec"
version = "1.5.1"
source = "registry+https://github.com/rust-lang/crates.io-index"
checksum = "ae524f056d7d770e174287294f562e95044c68e88dec909a00d2094805db9d75"

[[package]]
name = "spec-rs"
version = "0.1.0"
dependencies = [
 "icu",
 "icu_provider_fs",
 "rand",
]

[[package]]
name = "static_assertions"
version = "1.1.0"
source = "registry+https://github.com/rust-lang/crates.io-index"
checksum = "a2eb9349b6444b326872e140eb1cf5e7c522154d69e7a0ffb0fb81c06b37543f"

[[package]]
name = "syn"
version = "1.0.54"
source = "registry+https://github.com/rust-lang/crates.io-index"
checksum = "9a2af957a63d6bd42255c359c93d9bfdb97076bd3b820897ce55ffbfbf107f44"
dependencies = [
 "proc-macro2",
 "quote",
 "unicode-xid",
]

[[package]]
name = "tinystr"
version = "0.4.1"
source = "registry+https://github.com/rust-lang/crates.io-index"
checksum = "939125669d4043772e1eb2e91e25d1f933679155d961149aa181519de131439f"
dependencies = [
 "tinystr-macros",
 "tinystr-raw",
]

[[package]]
name = "tinystr-macros"
version = "0.2.0"
source = "registry+https://github.com/rust-lang/crates.io-index"
checksum = "5f65be51117c325c2b58eec529be7a0857d11527a9029973b58810a4c63e77a6"
dependencies = [
 "tinystr-raw",
]

[[package]]
name = "tinystr-raw"
version = "0.1.0"
source = "registry+https://github.com/rust-lang/crates.io-index"
checksum = "17bd7d3b696677c7844bf4ce7db7492c140b0922a553b6d285fe642e6d9934b5"

[[package]]
name = "toml"
version = "0.5.7"
source = "registry+https://github.com/rust-lang/crates.io-index"
checksum = "75cf45bb0bef80604d001caaec0d09da99611b3c0fd39d3080468875cdb65645"
dependencies = [
 "serde",
]

[[package]]
name = "unicode-xid"
version = "0.2.1"
source = "registry+https://github.com/rust-lang/crates.io-index"
checksum = "f7fe0bb3479651439c9112f72b6c505038574c9fbb575ed1bf3b797fa39dd564"
